PODS:
  - Flutter (1.0.0)
  - flutter_vlc_player (3.0.2):
    - Flutter
    - MobileVLCKit (~> 3.3.15)
  - FMDB (2.7.5):
    - FMDB/standard (= 2.7.5)
  - FMDB/standard (2.7.5)
  - local_auth (0.0.1):
    - Flutter
  - MobileVLCKit (3.3.16.3)
  - path_provider (0.0.1):
    - Flutter
  - "permission_handler (5.1.0+2)":
    - Flutter
  - photo_gallery (0.0.1):
    - Flutter
  - photo_manager (0.0.1):
    - Flutter
  - save_in_gallery (0.0.1):
    - Flutter
  - share (0.0.1):
    - Flutter
  - shared_preferences (0.0.1):
    - Flutter
  - sqflite (0.0.2):
    - Flutter
    - FMDB (>= 2.7.5)

DEPENDENCIES:
  - Flutter (from `Flutter`)
  - flutter_vlc_player (from `.symlinks/plugins/flutter_vlc_player/ios`)
  - local_auth (from `.symlinks/plugins/local_auth/ios`)
  - path_provider (from `.symlinks/plugins/path_provider/ios`)
  - permission_handler (from `.symlinks/plugins/permission_handler/ios`)
  - photo_gallery (from `.symlinks/plugins/photo_gallery/ios`)
  - photo_manager (from `.symlinks/plugins/photo_manager/ios`)
  - save_in_gallery (from `.symlinks/plugins/save_in_gallery/ios`)
  - share (from `.symlinks/plugins/share/ios`)
  - shared_preferences (from `.symlinks/plugins/shared_preferences/ios`)
  - sqflite (from `.symlinks/plugins/sqflite/ios`)

SPEC REPOS:
  trunk:
    - FMDB
    - MobileVLCKit

EXTERNAL SOURCES:
  Flutter:
    :path: Flutter
  flutter_vlc_player:
    :path: ".symlinks/plugins/flutter_vlc_player/ios"
  local_auth:
    :path: ".symlinks/plugins/local_auth/ios"
  path_provider:
    :path: ".symlinks/plugins/path_provider/ios"
  permission_handler:
    :path: ".symlinks/plugins/permission_handler/ios"
  photo_gallery:
    :path: ".symlinks/plugins/photo_gallery/ios"
  photo_manager:
    :path: ".symlinks/plugins/photo_manager/ios"
  save_in_gallery:
    :path: ".symlinks/plugins/save_in_gallery/ios"
  share:
    :path: ".symlinks/plugins/share/ios"
  shared_preferences:
    :path: ".symlinks/plugins/shared_preferences/ios"
  sqflite:
    :path: ".symlinks/plugins/sqflite/ios"

SPEC CHECKSUMS:
  Flutter: 0e3d915762c693b495b44d77113d4970485de6ec
  flutter_vlc_player: bb2059d1a5833e695ec30a25864336baf065fd9f
  FMDB: 2ce00b547f966261cd18927a3ddb07cb6f3db82a
  local_auth: 2571c49920ae469f46d5557435fad8fa473a5e88
  MobileVLCKit: 2b408a9c5cc327353afab418fafbc942780b248a
  path_provider: abfe2b5c733d04e238b0d8691db0cfd63a27a93c
  permission_handler: ccb20a9fad0ee9b1314a52b70b76b473c5f8dab0
  photo_gallery: 9f95e57747cd22c10676ece3660d1ffe6c603ee5
  photo_manager: f7c619c2cc8c2adb8d85c63363babac477de9c67
  save_in_gallery: 75c1d76566ed1af3a266f25b38c6c19a1d019a66
  share: 0b2c3e82132f5888bccca3351c504d0003b3b410
  shared_preferences: af6bfa751691cdc24be3045c43ec037377ada40d
  sqflite: 6d358c025f5b867b29ed92fc697fd34924e11904

PODFILE CHECKSUM: 95fa0cbc6c8c43f99bdb765b6b4a72d14c07fb8c

COCOAPODS: 1.10.1
